<?xml version="1.0" encoding="utf-8"?>
<Project ToolsVersion="4.0" xmlns="http://schemas.microsoft.com/developer/msbuild/2003">
  <ItemGroup>
    <Filter Include="include">
      <UniqueIdentifier>{93995380-89BD-4b04-88EB-625FBE52EBFB}</UniqueIdentifier>
      <Extensions>h;hh;hpp;hxx;hm;inl;inc;ipp;xsd</Extensions>
    </Filter>
    <Filter Include="src">
      <UniqueIdentifier>{4FC737F1-C7A5-4376-A066-2A32D752A2FF}</UniqueIdentifier>
      <Extensions>cpp;c;cc;cxx;def;odl;idl;hpj;bat;asm;asmx</Extensions>
    </Filter>
    <Filter Include="app">
      <UniqueIdentifier>{5cc3e313-082f-43aa-b99a-23be390e5746}</UniqueIdentifier>
    </Filter>
    <Filter Include="tests">
      <UniqueIdentifier>{57757218-5604-48db-97bf-922db401870a}</UniqueIdentifier>
    </Filter>
    <Filter Include="resources">
      <UniqueIdentifier>{67DA6AB6-F800-4c08-8B7A-83BB121AAD01}</UniqueIdentifier>
      <Extensions>rc;ico;cur;bmp;dlg;rc2;rct;bin;rgs;gif;jpg;jpeg;jpe;resx;tiff;tif;png;wav;mfcribbon-ms</Extensions>
    </Filter>
  </ItemGroup>
  <ItemGroup>
    <ClCompile Include="src\Course.cpp">
      <Filter>src</Filter>
    </ClCompile>
    <ClCompile Include="src\CourseList.cpp">
      <Filter>src</Filter>
    </ClCompile>
    <ClCompile Include="src\ExceptionHandler.cpp">
      <Filter>src</Filter>
    </ClCompile>
    <ClCompile Include="src\Person.cpp">
      <Filter>src</Filter>
    </ClCompile>
    <ClCompile Include="src\Student.cpp">
      <Filter>src</Filter>
    </ClCompile>
    <ClCompile Include="src\StudentList.cpp">
      <Filter>src</Filter>
    </ClCompile>
    <ClCompile Include="app\Main.cpp">
      <Filter>app</Filter>
    </ClCompile>
    <ClCompile Include="src\CourseCatalog.cpp">
      <Filter>src</Filter>
    </ClCompile>
  </ItemGroup>
  <ItemGroup>
    <ClInclude Include="include\Course.h">
      <Filter>include</Filter>
    </ClInclude>
    <ClInclude Include="include\CourseList.h">
      <Filter>include</Filter>
    </ClInclude>
    <ClInclude Include="include\ExceptionHandler.h">
      <Filter>include</Filter>
    </ClInclude>
    <ClInclude Include="include\InputHandler.h">
      <Filter>include</Filter>
    </ClInclude>
    <ClInclude Include="include\Person.h">
      <Filter>include</Filter>
    </ClInclude>
    <ClInclude Include="include\Student.h">
      <Filter>include</Filter>
    </ClInclude>
    <ClInclude Include="include\StudentList.h">
      <Filter>include</Filter>
    </ClInclude>
    <ClInclude Include="include\CourseCatalog.h">
      <Filter>include</Filter>
    </ClInclude>
  </ItemGroup>
  <ItemGroup>
    <Text Include="resources\courses.txt">
      <Filter>resources</Filter>
    </Text>
    <Text Include="resources\students.txt">
      <Filter>resources</Filter>
    </Text>
  </ItemGroup>
</Project>